// !$*UTF8*$!
{
	archiveVersion = 1;
	classes = {
	};
	objectVersion = 50;
	objects = {

/* Begin PBXBuildFile section */
		039CB9B0E163B208AFB59082 /* Pods_ManageStore.framework in Frameworks */ = {isa = PBXBuildFile; fileRef = CA31ADE70944BC3C37670944 /* Pods_ManageStore.framework */; };
		18515C472159D7FE00157386 /* ProductService.swift in Sources */ = {isa = PBXBuildFile; fileRef = 18515C462159D7FE00157386 /* ProductService.swift */; };
		18515C4B2159ECBE00157386 /* CornerViewEx.swift in Sources */ = {isa = PBXBuildFile; fileRef = 18515C4A2159ECBE00157386 /* CornerViewEx.swift */; };
		189F8843215950BA00A11DA2 /* ShoeVO.swift in Sources */ = {isa = PBXBuildFile; fileRef = 189F8842215950BA00A11DA2 /* ShoeVO.swift */; };
		9105D07F0074DD7AAE59AA4D /* Pods_ManageStoreUITests.framework in Frameworks */ = {isa = PBXBuildFile; fileRef = 26882E120D773924ED64DB95 /* Pods_ManageStoreUITests.framework */; };
		A81132A4215CC1BD000AA6DA /* DetailViewController.swift in Sources */ = {isa = PBXBuildFile; fileRef = A81132A3215CC1BD000AA6DA /* DetailViewController.swift */; };
		A81132A8215CF97E000AA6DA /* ProductTableViewController.swift in Sources */ = {isa = PBXBuildFile; fileRef = A81132A5215CF97E000AA6DA /* ProductTableViewController.swift */; };
		A81132A9215CF97E000AA6DA /* AddProductViewController.swift in Sources */ = {isa = PBXBuildFile; fileRef = A81132A6215CF97E000AA6DA /* AddProductViewController.swift */; };
		A81132AA215CF97E000AA6DA /* ImagePresenter.swift in Sources */ = {isa = PBXBuildFile; fileRef = A81132A7215CF97E000AA6DA /* ImagePresenter.swift */; };
		A81132AD215CF989000AA6DA /* CountVO.swift in Sources */ = {isa = PBXBuildFile; fileRef = A81132AB215CF989000AA6DA /* CountVO.swift */; };
		A81132AE215CF989000AA6DA /* SizeVO.swift in Sources */ = {isa = PBXBuildFile; fileRef = A81132AC215CF989000AA6DA /* SizeVO.swift */; };
		A81132B3215CF9AA000AA6DA /* ProductTableViewCell.xib in Resources */ = {isa = PBXBuildFile; fileRef = A81132AF215CF9A9000AA6DA /* ProductTableViewCell.xib */; };
		A81132B4215CF9AA000AA6DA /* UploadImageCollectionViewCell.swift in Sources */ = {isa = PBXBuildFile; fileRef = A81132B0215CF9A9000AA6DA /* UploadImageCollectionViewCell.swift */; };
		A81132B5215CF9AA000AA6DA /* ProductTableViewCell.swift in Sources */ = {isa = PBXBuildFile; fileRef = A81132B1215CF9AA000AA6DA /* ProductTableViewCell.swift */; };
		A81132B6215CF9AA000AA6DA /* ProductAdidasCollectionViewCell.swift in Sources */ = {isa = PBXBuildFile; fileRef = A81132B2215CF9AA000AA6DA /* ProductAdidasCollectionViewCell.swift */; };
		A81132B9215CF9E9000AA6DA /* Main.storyboard in Resources */ = {isa = PBXBuildFile; fileRef = A81132B7215CF9E8000AA6DA /* Main.storyboard */; };
		A82A581D215B6496007F4BEE /* DetailOrderTableViewCell.swift in Sources */ = {isa = PBXBuildFile; fileRef = A82A581B215B6496007F4BEE /* DetailOrderTableViewCell.swift */; };
		A82A581E215B6496007F4BEE /* DetailOrderTableViewCell.xib in Resources */ = {isa = PBXBuildFile; fileRef = A82A581C215B6496007F4BEE /* DetailOrderTableViewCell.xib */; };
		A82A5820215B6CCD007F4BEE /* Formatter.swift in Sources */ = {isa = PBXBuildFile; fileRef = A82A581F215B6CCD007F4BEE /* Formatter.swift */; };
		A82A5822215B7A29007F4BEE /* DetailVO.swift in Sources */ = {isa = PBXBuildFile; fileRef = A82A5821215B7A29007F4BEE /* DetailVO.swift */; };
		A88937732163626000531B7D /* LoginViewController.swift in Sources */ = {isa = PBXBuildFile; fileRef = A88937722163626000531B7D /* LoginViewController.swift */; };
		A8893776216367AF00531B7D /* Login.storyboard in Resources */ = {isa = PBXBuildFile; fileRef = A8893775216367AF00531B7D /* Login.storyboard */; };
		A88D835945D5B7751E116C41 /* Pods_ManageStoreTests.framework in Frameworks */ = {isa = PBXBuildFile; fileRef = 72BD8E5200A4A80A0472E2B6 /* Pods_ManageStoreTests.framework */; };
		A895A8A5215A1A3500BEF15F /* GoogleService-Info.plist in Resources */ = {isa = PBXBuildFile; fileRef = A895A8A4215A1A3500BEF15F /* GoogleService-Info.plist */; };
		A895A8A7215A1D1F00BEF15F /* OderManagementViewController.swift in Sources */ = {isa = PBXBuildFile; fileRef = A895A8A6215A1D1F00BEF15F /* OderManagementViewController.swift */; };
		A895A8AA215A1D7B00BEF15F /* OderItemManagementTableViewCell.swift in Sources */ = {isa = PBXBuildFile; fileRef = A895A8A8215A1D7B00BEF15F /* OderItemManagementTableViewCell.swift */; };
		A895A8AB215A1D7B00BEF15F /* OderItemManagementTableViewCell.xib in Resources */ = {isa = PBXBuildFile; fileRef = A895A8A9215A1D7B00BEF15F /* OderItemManagementTableViewCell.xib */; };
		A895A8AD215A275A00BEF15F /* OrderVO.swift in Sources */ = {isa = PBXBuildFile; fileRef = A895A8AC215A275A00BEF15F /* OrderVO.swift */; };
		A895A8B0215A2B2700BEF15F /* Util.swift in Sources */ = {isa = PBXBuildFile; fileRef = A895A8AF215A2B2700BEF15F /* Util.swift */; };
		A8BEB78D2158D4DE0025BC94 /* AppDelegate.swift in Sources */ = {isa = PBXBuildFile; fileRef = A8BEB78C2158D4DE0025BC94 /* AppDelegate.swift */; };
		A8BEB78F2158D4DE0025BC94 /* ViewController.swift in Sources */ = {isa = PBXBuildFile; fileRef = A8BEB78E2158D4DE0025BC94 /* ViewController.swift */; };
		A8BEB7952158D4DE0025BC94 /* ManageStore.xcdatamodeld in Sources */ = {isa = PBXBuildFile; fileRef = A8BEB7932158D4DE0025BC94 /* ManageStore.xcdatamodeld */; };
		A8BEB7972158D4DF0025BC94 /* Assets.xcassets in Resources */ = {isa = PBXBuildFile; fileRef = A8BEB7962158D4DF0025BC94 /* Assets.xcassets */; };
		A8BEB79A2158D4DF0025BC94 /* LaunchScreen.storyboard in Resources */ = {isa = PBXBuildFile; fileRef = A8BEB7982158D4DF0025BC94 /* LaunchScreen.storyboard */; };
		A8BEB7A52158D4DF0025BC94 /* ManageStoreTests.swift in Sources */ = {isa = PBXBuildFile; fileRef = A8BEB7A42158D4DF0025BC94 /* ManageStoreTests.swift */; };
		A8BEB7B02158D4DF0025BC94 /* ManageStoreUITests.swift in Sources */ = {isa = PBXBuildFile; fileRef = A8BEB7AF2158D4DF0025BC94 /* ManageStoreUITests.swift */; };
		A8CACD282162332F006321D8 /* ManageOrder.storyboard in Resources */ = {isa = PBXBuildFile; fileRef = A8CACD272162332F006321D8 /* ManageOrder.storyboard */; };
/* End PBXBuildFile section */

/* Begin PBXContainerItemProxy section */
		A8BEB7A12158D4DF0025BC94 /* PBXContainerItemProxy */ = {
			isa = PBXContainerItemProxy;
			containerPortal = A8BEB7812158D4DE0025BC94 /* Project object */;
			proxyType = 1;
			remoteGlobalIDString = A8BEB7882158D4DE0025BC94;
			remoteInfo = ManageStore;
		};
		A8BEB7AC2158D4DF0025BC94 /* PBXContainerItemProxy */ = {
			isa = PBXContainerItemProxy;
			containerPortal = A8BEB7812158D4DE0025BC94 /* Project object */;
			proxyType = 1;
			remoteGlobalIDString = A8BEB7882158D4DE0025BC94;
			remoteInfo = ManageStore;
		};
/* End PBXContainerItemProxy section */

/* Begin PBXFileReference section */
		18515C462159D7FE00157386 /* ProductService.swift */ = {isa = PBXFileReference; lastKnownFileType = sourcecode.swift; path = ProductService.swift; sourceTree = "<group>"; };
		18515C4A2159ECBE00157386 /* CornerViewEx.swift */ = {isa = PBXFileReference; lastKnownFileType = sourcecode.swift; path = CornerViewEx.swift; sourceTree = "<group>"; };
		189F8842215950BA00A11DA2 /* ShoeVO.swift */ = {isa = PBXFileReference; lastKnownFileType = sourcecode.swift; path = ShoeVO.swift; sourceTree = "<group>"; };
		26882E120D773924ED64DB95 /* Pods_ManageStoreUITests.framework */ = {isa = PBXFileReference; explicitFileType = wrapper.framework; includeInIndex = 0; path = Pods_ManageStoreUITests.framework; sourceTree = BUILT_PRODUCTS_DIR; };
		596F53C056062C5853DA38AB /* Pods-ManageStoreUITests.release.xcconfig */ = {isa = PBXFileReference; includeInIndex = 1; lastKnownFileType = text.xcconfig; name = "Pods-ManageStoreUITests.release.xcconfig"; path = "Pods/Target Support Files/Pods-ManageStoreUITests/Pods-ManageStoreUITests.release.xcconfig"; sourceTree = "<group>"; };
		5D8304B3F4E20AF5445B32F0 /* Pods-ManageStoreTests.debug.xcconfig */ = {isa = PBXFileReference; includeInIndex = 1; lastKnownFileType = text.xcconfig; name = "Pods-ManageStoreTests.debug.xcconfig"; path = "Pods/Target Support Files/Pods-ManageStoreTests/Pods-ManageStoreTests.debug.xcconfig"; sourceTree = "<group>"; };
		6817A5685174DEA21BD1714E /* Pods-ManageStoreTests.release.xcconfig */ = {isa = PBXFileReference; includeInIndex = 1; lastKnownFileType = text.xcconfig; name = "Pods-ManageStoreTests.release.xcconfig"; path = "Pods/Target Support Files/Pods-ManageStoreTests/Pods-ManageStoreTests.release.xcconfig"; sourceTree = "<group>"; };
		72BD8E5200A4A80A0472E2B6 /* Pods_ManageStoreTests.framework */ = {isa = PBXFileReference; explicitFileType = wrapper.framework; includeInIndex = 0; path = Pods_ManageStoreTests.framework; sourceTree = BUILT_PRODUCTS_DIR; };
		A188731682F389C733E461B7 /* Pods-ManageStore.release.xcconfig */ = {isa = PBXFileReference; includeInIndex = 1; lastKnownFileType = text.xcconfig; name = "Pods-ManageStore.release.xcconfig"; path = "Pods/Target Support Files/Pods-ManageStore/Pods-ManageStore.release.xcconfig"; sourceTree = "<group>"; };
		A3366212E1C89EA5866E6DA9 /* Pods-ManageStoreUITests.debug.xcconfig */ = {isa = PBXFileReference; includeInIndex = 1; lastKnownFileType = text.xcconfig; name = "Pods-ManageStoreUITests.debug.xcconfig"; path = "Pods/Target Support Files/Pods-ManageStoreUITests/Pods-ManageStoreUITests.debug.xcconfig"; sourceTree = "<group>"; };
		A81132A3215CC1BD000AA6DA /* DetailViewController.swift */ = {isa = PBXFileReference; lastKnownFileType = sourcecode.swift; path = DetailViewController.swift; sourceTree = "<group>"; };
		A81132A5215CF97E000AA6DA /* ProductTableViewController.swift */ = {isa = PBXFileReference; fileEncoding = 4; lastKnownFileType = sourcecode.swift; path = ProductTableViewController.swift; sourceTree = "<group>"; };
		A81132A6215CF97E000AA6DA /* AddProductViewController.swift */ = {isa = PBXFileReference; fileEncoding = 4; lastKnownFileType = sourcecode.swift; path = AddProductViewController.swift; sourceTree = "<group>"; };
		A81132A7215CF97E000AA6DA /* ImagePresenter.swift */ = {isa = PBXFileReference; fileEncoding = 4; lastKnownFileType = sourcecode.swift; path = ImagePresenter.swift; sourceTree = "<group>"; };
		A81132AB215CF989000AA6DA /* CountVO.swift */ = {isa = PBXFileReference; fileEncoding = 4; lastKnownFileType = sourcecode.swift; path = CountVO.swift; sourceTree = "<group>"; };
		A81132AC215CF989000AA6DA /* SizeVO.swift */ = {isa = PBXFileReference; fileEncoding = 4; lastKnownFileType = sourcecode.swift; path = SizeVO.swift; sourceTree = "<group>"; };
		A81132AF215CF9A9000AA6DA /* ProductTableViewCell.xib */ = {isa = PBXFileReference; fileEncoding = 4; lastKnownFileType = file.xib; path = ProductTableViewCell.xib; sourceTree = "<group>"; };
		A81132B0215CF9A9000AA6DA /* UploadImageCollectionViewCell.swift */ = {isa = PBXFileReference; fileEncoding = 4; lastKnownFileType = sourcecode.swift; path = UploadImageCollectionViewCell.swift; sourceTree = "<group>"; };
		A81132B1215CF9AA000AA6DA /* ProductTableViewCell.swift */ = {isa = PBXFileReference; fileEncoding = 4; lastKnownFileType = sourcecode.swift; path = ProductTableViewCell.swift; sourceTree = "<group>"; };
		A81132B2215CF9AA000AA6DA /* ProductAdidasCollectionViewCell.swift */ = {isa = PBXFileReference; fileEncoding = 4; lastKnownFileType = sourcecode.swift; path = ProductAdidasCollectionViewCell.swift; sourceTree = "<group>"; };
		A81132B8215CF9E8000AA6DA /* Base */ = {isa = PBXFileReference; lastKnownFileType = file.storyboard; name = Base; path = Base.lproj/Main.storyboard; sourceTree = "<group>"; };
		A82A581B215B6496007F4BEE /* DetailOrderTableViewCell.swift */ = {isa = PBXFileReference; lastKnownFileType = sourcecode.swift; path = DetailOrderTableViewCell.swift; sourceTree = "<group>"; };
		A82A581C215B6496007F4BEE /* DetailOrderTableViewCell.xib */ = {isa = PBXFileReference; lastKnownFileType = file.xib; path = DetailOrderTableViewCell.xib; sourceTree = "<group>"; };
		A82A581F215B6CCD007F4BEE /* Formatter.swift */ = {isa = PBXFileReference; lastKnownFileType = sourcecode.swift; path = Formatter.swift; sourceTree = "<group>"; };
		A82A5821215B7A29007F4BEE /* DetailVO.swift */ = {isa = PBXFileReference; lastKnownFileType = sourcecode.swift; path = DetailVO.swift; sourceTree = "<group>"; };
		A88937722163626000531B7D /* LoginViewController.swift */ = {isa = PBXFileReference; lastKnownFileType = sourcecode.swift; path = LoginViewController.swift; sourceTree = "<group>"; };
		A8893775216367AF00531B7D /* Login.storyboard */ = {isa = PBXFileReference; fileEncoding = 4; lastKnownFileType = file.storyboard; path = Login.storyboard; sourceTree = "<group>"; };
		A895A8A4215A1A3500BEF15F /* GoogleService-Info.plist */ = {isa = PBXFileReference; fileEncoding = 4; lastKnownFileType = text.plist.xml; path = "GoogleService-Info.plist"; sourceTree = "<group>"; };
		A895A8A6215A1D1F00BEF15F /* OderManagementViewController.swift */ = {isa = PBXFileReference; lastKnownFileType = sourcecode.swift; path = OderManagementViewController.swift; sourceTree = "<group>"; };
		A895A8A8215A1D7B00BEF15F /* OderItemManagementTableViewCell.swift */ = {isa = PBXFileReference; lastKnownFileType = sourcecode.swift; path = OderItemManagementTableViewCell.swift; sourceTree = "<group>"; };
		A895A8A9215A1D7B00BEF15F /* OderItemManagementTableViewCell.xib */ = {isa = PBXFileReference; lastKnownFileType = file.xib; path = OderItemManagementTableViewCell.xib; sourceTree = "<group>"; };
		A895A8AC215A275A00BEF15F /* OrderVO.swift */ = {isa = PBXFileReference; lastKnownFileType = sourcecode.swift; path = OrderVO.swift; sourceTree = "<group>"; };
		A895A8AF215A2B2700BEF15F /* Util.swift */ = {isa = PBXFileReference; lastKnownFileType = sourcecode.swift; path = Util.swift; sourceTree = "<group>"; };
		A8BEB7892158D4DE0025BC94 /* ManageStore.app */ = {isa = PBXFileReference; explicitFileType = wrapper.application; includeInIndex = 0; path = ManageStore.app; sourceTree = BUILT_PRODUCTS_DIR; };
		A8BEB78C2158D4DE0025BC94 /* AppDelegate.swift */ = {isa = PBXFileReference; lastKnownFileType = sourcecode.swift; path = AppDelegate.swift; sourceTree = "<group>"; };
		A8BEB78E2158D4DE0025BC94 /* ViewController.swift */ = {isa = PBXFileReference; lastKnownFileType = sourcecode.swift; path = ViewController.swift; sourceTree = "<group>"; };
		A8BEB7942158D4DE0025BC94 /* ManageStore.xcdatamodel */ = {isa = PBXFileReference; lastKnownFileType = wrapper.xcdatamodel; path = ManageStore.xcdatamodel; sourceTree = "<group>"; };
		A8BEB7962158D4DF0025BC94 /* Assets.xcassets */ = {isa = PBXFileReference; lastKnownFileType = folder.assetcatalog; path = Assets.xcassets; sourceTree = "<group>"; };
		A8BEB7992158D4DF0025BC94 /* Base */ = {isa = PBXFileReference; lastKnownFileType = file.storyboard; name = Base; path = Base.lproj/LaunchScreen.storyboard; sourceTree = "<group>"; };
		A8BEB79B2158D4DF0025BC94 /* Info.plist */ = {isa = PBXFileReference; lastKnownFileType = text.plist.xml; path = Info.plist; sourceTree = "<group>"; };
		A8BEB7A02158D4DF0025BC94 /* ManageStoreTests.xctest */ = {isa = PBXFileReference; explicitFileType = wrapper.cfbundle; includeInIndex = 0; path = ManageStoreTests.xctest; sourceTree = BUILT_PRODUCTS_DIR; };
		A8BEB7A42158D4DF0025BC94 /* ManageStoreTests.swift */ = {isa = PBXFileReference; lastKnownFileType = sourcecode.swift; path = ManageStoreTests.swift; sourceTree = "<group>"; };
		A8BEB7A62158D4DF0025BC94 /* Info.plist */ = {isa = PBXFileReference; lastKnownFileType = text.plist.xml; path = Info.plist; sourceTree = "<group>"; };
		A8BEB7AB2158D4DF0025BC94 /* ManageStoreUITests.xctest */ = {isa = PBXFileReference; explicitFileType = wrapper.cfbundle; includeInIndex = 0; path = ManageStoreUITests.xctest; sourceTree = BUILT_PRODUCTS_DIR; };
		A8BEB7AF2158D4DF0025BC94 /* ManageStoreUITests.swift */ = {isa = PBXFileReference; lastKnownFileType = sourcecode.swift; path = ManageStoreUITests.swift; sourceTree = "<group>"; };
		A8BEB7B12158D4DF0025BC94 /* Info.plist */ = {isa = PBXFileReference; lastKnownFileType = text.plist.xml; path = Info.plist; sourceTree = "<group>"; };
		A8CACD272162332F006321D8 /* ManageOrder.storyboard */ = {isa = PBXFileReference; fileEncoding = 4; lastKnownFileType = file.storyboard; path = ManageOrder.storyboard; sourceTree = "<group>"; };
		BB8CAF2E3F94CCB00847A01B /* Pods-ManageStore.debug.xcconfig */ = {isa = PBXFileReference; includeInIndex = 1; lastKnownFileType = text.xcconfig; name = "Pods-ManageStore.debug.xcconfig"; path = "Pods/Target Support Files/Pods-ManageStore/Pods-ManageStore.debug.xcconfig"; sourceTree = "<group>"; };
		CA31ADE70944BC3C37670944 /* Pods_ManageStore.framework */ = {isa = PBXFileReference; explicitFileType = wrapper.framework; includeInIndex = 0; path = Pods_ManageStore.framework; sourceTree = BUILT_PRODUCTS_DIR; };
/* End PBXFileReference section */

/* Begin PBXFrameworksBuildPhase section */
		A8BEB7862158D4DE0025BC94 /* Frameworks */ = {
			isa = PBXFrameworksBuildPhase;
			buildActionMask = 2147483647;
			files = (
				039CB9B0E163B208AFB59082 /* Pods_ManageStore.framework in Frameworks */,
			);
			runOnlyForDeploymentPostprocessing = 0;
		};
		A8BEB79D2158D4DF0025BC94 /* Frameworks */ = {
			isa = PBXFrameworksBuildPhase;
			buildActionMask = 2147483647;
			files = (
				A88D835945D5B7751E116C41 /* Pods_ManageStoreTests.framework in Frameworks */,
			);
			runOnlyForDeploymentPostprocessing = 0;
		};
		A8BEB7A82158D4DF0025BC94 /* Frameworks */ = {
			isa = PBXFrameworksBuildPhase;
			buildActionMask = 2147483647;
			files = (
				9105D07F0074DD7AAE59AA4D /* Pods_ManageStoreUITests.framework in Frameworks */,
			);
			runOnlyForDeploymentPostprocessing = 0;
		};
/* End PBXFrameworksBuildPhase section */

/* Begin PBXGroup section */
		03CD0E3B702DC4C59816BF7C /* Frameworks */ = {
			isa = PBXGroup;
			children = (
				CA31ADE70944BC3C37670944 /* Pods_ManageStore.framework */,
				72BD8E5200A4A80A0472E2B6 /* Pods_ManageStoreTests.framework */,
				26882E120D773924ED64DB95 /* Pods_ManageStoreUITests.framework */,
			);
			name = Frameworks;
			sourceTree = "<group>";
		};
		18515C3F2159D14900157386 /* Service */ = {
			isa = PBXGroup;
			children = (
				18515C462159D7FE00157386 /* ProductService.swift */,
			);
			path = Service;
			sourceTree = "<group>";
		};
		18515C482159ECA800157386 /* Extensions */ = {
			isa = PBXGroup;
			children = (
				18515C4A2159ECBE00157386 /* CornerViewEx.swift */,
				A82A581F215B6CCD007F4BEE /* Formatter.swift */,
			);
			path = Extensions;
			sourceTree = "<group>";
		};
		189F88362159472600A11DA2 /* View */ = {
			isa = PBXGroup;
			children = (
				A8893775216367AF00531B7D /* Login.storyboard */,
				A8CACD272162332F006321D8 /* ManageOrder.storyboard */,
				A81132B7215CF9E8000AA6DA /* Main.storyboard */,
				189F8837215948EF00A11DA2 /* components */,
			);
			path = View;
			sourceTree = "<group>";
		};
		189F8837215948EF00A11DA2 /* components */ = {
			isa = PBXGroup;
			children = (
				A81132B2215CF9AA000AA6DA /* ProductAdidasCollectionViewCell.swift */,
				A81132B1215CF9AA000AA6DA /* ProductTableViewCell.swift */,
				A81132AF215CF9A9000AA6DA /* ProductTableViewCell.xib */,
				A81132B0215CF9A9000AA6DA /* UploadImageCollectionViewCell.swift */,
				A895A8A8215A1D7B00BEF15F /* OderItemManagementTableViewCell.swift */,
				A895A8A9215A1D7B00BEF15F /* OderItemManagementTableViewCell.xib */,
				A82A581B215B6496007F4BEE /* DetailOrderTableViewCell.swift */,
				A82A581C215B6496007F4BEE /* DetailOrderTableViewCell.xib */,
			);
			path = components;
			sourceTree = "<group>";
		};
		189F883C2159493900A11DA2 /* Controller */ = {
			isa = PBXGroup;
			children = (
				A81132A6215CF97E000AA6DA /* AddProductViewController.swift */,
				A81132A7215CF97E000AA6DA /* ImagePresenter.swift */,
				A81132A5215CF97E000AA6DA /* ProductTableViewController.swift */,
				A895A8A6215A1D1F00BEF15F /* OderManagementViewController.swift */,
				A81132A3215CC1BD000AA6DA /* DetailViewController.swift */,
				A88937722163626000531B7D /* LoginViewController.swift */,
			);
			path = Controller;
			sourceTree = "<group>";
		};
		189F8841215950A200A11DA2 /* Model */ = {
			isa = PBXGroup;
			children = (
				A81132AB215CF989000AA6DA /* CountVO.swift */,
				A81132AC215CF989000AA6DA /* SizeVO.swift */,
				189F8842215950BA00A11DA2 /* ShoeVO.swift */,
				A895A8AC215A275A00BEF15F /* OrderVO.swift */,
				A82A5821215B7A29007F4BEE /* DetailVO.swift */,
			);
			path = Model;
			sourceTree = "<group>";
		};
		A895A8AE215A2B1F00BEF15F /* Utils */ = {
			isa = PBXGroup;
			children = (
				A895A8AF215A2B2700BEF15F /* Util.swift */,
			);
			path = Utils;
			sourceTree = "<group>";
		};
		A8BEB7802158D4DE0025BC94 = {
			isa = PBXGroup;
			children = (
				A8BEB78B2158D4DE0025BC94 /* ManageStore */,
				A8BEB7A32158D4DF0025BC94 /* ManageStoreTests */,
				A8BEB7AE2158D4DF0025BC94 /* ManageStoreUITests */,
				A8BEB78A2158D4DE0025BC94 /* Products */,
				E22E2FEAD65A5038B3959871 /* Pods */,
				03CD0E3B702DC4C59816BF7C /* Frameworks */,
			);
			sourceTree = "<group>";
		};
		A8BEB78A2158D4DE0025BC94 /* Products */ = {
			isa = PBXGroup;
			children = (
				A8BEB7892158D4DE0025BC94 /* ManageStore.app */,
				A8BEB7A02158D4DF0025BC94 /* ManageStoreTests.xctest */,
				A8BEB7AB2158D4DF0025BC94 /* ManageStoreUITests.xctest */,
			);
			name = Products;
			sourceTree = "<group>";
		};
		A8BEB78B2158D4DE0025BC94 /* ManageStore */ = {
			isa = PBXGroup;
			children = (
				A895A8AE215A2B1F00BEF15F /* Utils */,
				18515C482159ECA800157386 /* Extensions */,
				18515C3F2159D14900157386 /* Service */,
				189F8841215950A200A11DA2 /* Model */,
				189F883C2159493900A11DA2 /* Controller */,
				189F88362159472600A11DA2 /* View */,
				A8BEB78C2158D4DE0025BC94 /* AppDelegate.swift */,
				A895A8A4215A1A3500BEF15F /* GoogleService-Info.plist */,
				A8BEB78E2158D4DE0025BC94 /* ViewController.swift */,
				A8BEB7962158D4DF0025BC94 /* Assets.xcassets */,
				A8BEB7982158D4DF0025BC94 /* LaunchScreen.storyboard */,
				A8BEB79B2158D4DF0025BC94 /* Info.plist */,
				A8BEB7932158D4DE0025BC94 /* ManageStore.xcdatamodeld */,
			);
			path = ManageStore;
			sourceTree = "<group>";
		};
		A8BEB7A32158D4DF0025BC94 /* ManageStoreTests */ = {
			isa = PBXGroup;
			children = (
				A8BEB7A42158D4DF0025BC94 /* ManageStoreTests.swift */,
				A8BEB7A62158D4DF0025BC94 /* Info.plist */,
			);
			path = ManageStoreTests;
			sourceTree = "<group>";
		};
		A8BEB7AE2158D4DF0025BC94 /* ManageStoreUITests */ = {
			isa = PBXGroup;
			children = (
				A8BEB7AF2158D4DF0025BC94 /* ManageStoreUITests.swift */,
				A8BEB7B12158D4DF0025BC94 /* Info.plist */,
			);
			path = ManageStoreUITests;
			sourceTree = "<group>";
		};
		E22E2FEAD65A5038B3959871 /* Pods */ = {
			isa = PBXGroup;
			children = (
				BB8CAF2E3F94CCB00847A01B /* Pods-ManageStore.debug.xcconfig */,
				A188731682F389C733E461B7 /* Pods-ManageStore.release.xcconfig */,
				5D8304B3F4E20AF5445B32F0 /* Pods-ManageStoreTests.debug.xcconfig */,
				6817A5685174DEA21BD1714E /* Pods-ManageStoreTests.release.xcconfig */,
				A3366212E1C89EA5866E6DA9 /* Pods-ManageStoreUITests.debug.xcconfig */,
				596F53C056062C5853DA38AB /* Pods-ManageStoreUITests.release.xcconfig */,
			);
			name = Pods;
			sourceTree = "<group>";
		};
/* End PBXGroup section */

/* Begin PBXNativeTarget section */
		A8BEB7882158D4DE0025BC94 /* ManageStore */ = {
			isa = PBXNativeTarget;
			buildConfigurationList = A8BEB7B42158D4DF0025BC94 /* Build configuration list for PBXNativeTarget "ManageStore" */;
			buildPhases = (
				0EBAE2EE37591AEE53F51689 /* [CP] Check Pods Manifest.lock */,
				A8BEB7852158D4DE0025BC94 /* Sources */,
				A8BEB7862158D4DE0025BC94 /* Frameworks */,
				A8BEB7872158D4DE0025BC94 /* Resources */,
				00B2CFC1EDC472AFB8EBAB5E /* [CP] Embed Pods Frameworks */,
			);
			buildRules = (
			);
			dependencies = (
			);
			name = ManageStore;
			productName = ManageStore;
			productReference = A8BEB7892158D4DE0025BC94 /* ManageStore.app */;
			productType = "com.apple.product-type.application";
		};
		A8BEB79F2158D4DF0025BC94 /* ManageStoreTests */ = {
			isa = PBXNativeTarget;
			buildConfigurationList = A8BEB7B72158D4DF0025BC94 /* Build configuration list for PBXNativeTarget "ManageStoreTests" */;
			buildPhases = (
				3502689F280593C36475FC3D /* [CP] Check Pods Manifest.lock */,
				A8BEB79C2158D4DF0025BC94 /* Sources */,
				A8BEB79D2158D4DF0025BC94 /* Frameworks */,
				A8BEB79E2158D4DF0025BC94 /* Resources */,
			);
			buildRules = (
			);
			dependencies = (
				A8BEB7A22158D4DF0025BC94 /* PBXTargetDependency */,
			);
			name = ManageStoreTests;
			productName = ManageStoreTests;
			productReference = A8BEB7A02158D4DF0025BC94 /* ManageStoreTests.xctest */;
			productType = "com.apple.product-type.bundle.unit-test";
		};
		A8BEB7AA2158D4DF0025BC94 /* ManageStoreUITests */ = {
			isa = PBXNativeTarget;
			buildConfigurationList = A8BEB7BA2158D4DF0025BC94 /* Build configuration list for PBXNativeTarget "ManageStoreUITests" */;
			buildPhases = (
				1664D874917C5FA15FF67E43 /* [CP] Check Pods Manifest.lock */,
				A8BEB7A72158D4DF0025BC94 /* Sources */,
				A8BEB7A82158D4DF0025BC94 /* Frameworks */,
				A8BEB7A92158D4DF0025BC94 /* Resources */,
			);
			buildRules = (
			);
			dependencies = (
				A8BEB7AD2158D4DF0025BC94 /* PBXTargetDependency */,
			);
			name = ManageStoreUITests;
			productName = ManageStoreUITests;
			productReference = A8BEB7AB2158D4DF0025BC94 /* ManageStoreUITests.xctest */;
			productType = "com.apple.product-type.bundle.ui-testing";
		};
/* End PBXNativeTarget section */

/* Begin PBXProject section */
		A8BEB7812158D4DE0025BC94 /* Project object */ = {
			isa = PBXProject;
			attributes = {
				LastSwiftUpdateCheck = 1000;
				LastUpgradeCheck = 1000;
				ORGANIZATIONNAME = "Việt Nguyễn";
				TargetAttributes = {
					A8BEB7882158D4DE0025BC94 = {
						CreatedOnToolsVersion = 10.0;
					};
					A8BEB79F2158D4DF0025BC94 = {
						CreatedOnToolsVersion = 10.0;
						TestTargetID = A8BEB7882158D4DE0025BC94;
					};
					A8BEB7AA2158D4DF0025BC94 = {
						CreatedOnToolsVersion = 10.0;
						TestTargetID = A8BEB7882158D4DE0025BC94;
					};
				};
			};
			buildConfigurationList = A8BEB7842158D4DE0025BC94 /* Build configuration list for PBXProject "ManageStore" */;
			compatibilityVersion = "Xcode 9.3";
			developmentRegion = en;
			hasScannedForEncodings = 0;
			knownRegions = (
				en,
				Base,
			);
			mainGroup = A8BEB7802158D4DE0025BC94;
			productRefGroup = A8BEB78A2158D4DE0025BC94 /* Products */;
			projectDirPath = "";
			projectRoot = "";
			targets = (
				A8BEB7882158D4DE0025BC94 /* ManageStore */,
				A8BEB79F2158D4DF0025BC94 /* ManageStoreTests */,
				A8BEB7AA2158D4DF0025BC94 /* ManageStoreUITests */,
			);
		};
/* End PBXProject section */

/* Begin PBXResourcesBuildPhase section */
		A8BEB7872158D4DE0025BC94 /* Resources */ = {
			isa = PBXResourcesBuildPhase;
			buildActionMask = 2147483647;
			files = (
				A81132B9215CF9E9000AA6DA /* Main.storyboard in Resources */,
				A895A8AB215A1D7B00BEF15F /* OderItemManagementTableViewCell.xib in Resources */,
				A8CACD282162332F006321D8 /* ManageOrder.storyboard in Resources */,
				A82A581E215B6496007F4BEE /* DetailOrderTableViewCell.xib in Resources */,
				A8BEB79A2158D4DF0025BC94 /* LaunchScreen.storyboard in Resources */,
				A81132B3215CF9AA000AA6DA /* ProductTableViewCell.xib in Resources */,
				A895A8A5215A1A3500BEF15F /* GoogleService-Info.plist in Resources */,
				A8BEB7972158D4DF0025BC94 /* Assets.xcassets in Resources */,
				A8893776216367AF00531B7D /* Login.storyboard in Resources */,
			);
			runOnlyForDeploymentPostprocessing = 0;
		};
		A8BEB79E2158D4DF0025BC94 /* Resources */ = {
			isa = PBXResourcesBuildPhase;
			buildActionMask = 2147483647;
			files = (
			);
			runOnlyForDeploymentPostprocessing = 0;
		};
		A8BEB7A92158D4DF0025BC94 /* Resources */ = {
			isa = PBXResourcesBuildPhase;
			buildActionMask = 2147483647;
			files = (
			);
			runOnlyForDeploymentPostprocessing = 0;
		};
/* End PBXResourcesBuildPhase section */

/* Begin PBXShellScriptBuildPhase section */
		00B2CFC1EDC472AFB8EBAB5E /* [CP] Embed Pods Frameworks */ = {
			isa = PBXShellScriptBuildPhase;
			buildActionMask = 2147483647;
			files = (
			);
			inputPaths = (
				"${SRCROOT}/Pods/Target Support Files/Pods-ManageStore/Pods-ManageStore-frameworks.sh",
				"${BUILT_PRODUCTS_DIR}/Bolts/Bolts.framework",
				"${BUILT_PRODUCTS_DIR}/FBSDKCoreKit/FBSDKCoreKit.framework",
				"${BUILT_PRODUCTS_DIR}/FBSDKLoginKit/FBSDKLoginKit.framework",
				"${BUILT_PRODUCTS_DIR}/GTMSessionFetcher/GTMSessionFetcher.framework",
				"${BUILT_PRODUCTS_DIR}/GoogleUtilities/GoogleUtilities.framework",
				"${BUILT_PRODUCTS_DIR}/Nuke/Nuke.framework",
				"${BUILT_PRODUCTS_DIR}/leveldb-library/leveldb.framework",
				"${BUILT_PRODUCTS_DIR}/nanopb/nanopb.framework",
			);
			name = "[CP] Embed Pods Frameworks";
			outputPaths = (
				"${TARGET_BUILD_DIR}/${FRAMEWORKS_FOLDER_PATH}/Bolts.framework",
				"${TARGET_BUILD_DIR}/${FRAMEWORKS_FOLDER_PATH}/FBSDKCoreKit.framework",
				"${TARGET_BUILD_DIR}/${FRAMEWORKS_FOLDER_PATH}/FBSDKLoginKit.framework",
				"${TARGET_BUILD_DIR}/${FRAMEWORKS_FOLDER_PATH}/GTMSessionFetcher.framework",
				"${TARGET_BUILD_DIR}/${FRAMEWORKS_FOLDER_PATH}/GoogleUtilities.framework",
				"${TARGET_BUILD_DIR}/${FRAMEWORKS_FOLDER_PATH}/Nuke.framework",
				"${TARGET_BUILD_DIR}/${FRAMEWORKS_FOLDER_PATH}/leveldb.framework",
				"${TARGET_BUILD_DIR}/${FRAMEWORKS_FOLDER_PATH}/nanopb.framework",
			);
			runOnlyForDeploymentPostprocessing = 0;
			shellPath = /bin/sh;
			shellScript = "\"${SRCROOT}/Pods/Target Support Files/Pods-ManageStore/Pods-ManageStore-frameworks.sh\"\n";
			showEnvVarsInLog = 0;
		};
		0EBAE2EE37591AEE53F51689 /* [CP] Check Pods Manifest.lock */ = {
			isa = PBXShellScriptBuildPhase;
			buildActionMask = 2147483647;
			files = (
			);
			inputPaths = (
				"${PODS_PODFILE_DIR_PATH}/Podfile.lock",
				"${PODS_ROOT}/Manifest.lock",
			);
			name = "[CP] Check Pods Manifest.lock";
			outputPaths = (
				"$(DERIVED_FILE_DIR)/Pods-ManageStore-checkManifestLockResult.txt",
			);
			runOnlyForDeploymentPostprocessing = 0;
			shellPath = /bin/sh;
			shellScript = "diff \"${PODS_PODFILE_DIR_PATH}/Podfile.lock\" \"${PODS_ROOT}/Manifest.lock\" > /dev/null\nif [ $? != 0 ] ; then\n    # print error to STDERR\n    echo \"error: The sandbox is not in sync with the Podfile.lock. Run 'pod install' or update your CocoaPods installation.\" >&2\n    exit 1\nfi\n# This output is used by Xcode 'outputs' to avoid re-running this script phase.\necho \"SUCCESS\" > \"${SCRIPT_OUTPUT_FILE_0}\"\n";
			showEnvVarsInLog = 0;
		};
		1664D874917C5FA15FF67E43 /* [CP] Check Pods Manifest.lock */ = {
			isa = PBXShellScriptBuildPhase;
			buildActionMask = 2147483647;
			files = (
			);
			inputPaths = (
				"${PODS_PODFILE_DIR_PATH}/Podfile.lock",
				"${PODS_ROOT}/Manifest.lock",
			);
			name = "[CP] Check Pods Manifest.lock";
			outputPaths = (
				"$(DERIVED_FILE_DIR)/Pods-ManageStoreUITests-checkManifestLockResult.txt",
			);
			runOnlyForDeploymentPostprocessing = 0;
			shellPath = /bin/sh;
			shellScript = "diff \"${PODS_PODFILE_DIR_PATH}/Podfile.lock\" \"${PODS_ROOT}/Manifest.lock\" > /dev/null\nif [ $? != 0 ] ; then\n    # print error to STDERR\n    echo \"error: The sandbox is not in sync with the Podfile.lock. Run 'pod install' or update your CocoaPods installation.\" >&2\n    exit 1\nfi\n# This output is used by Xcode 'outputs' to avoid re-running this script phase.\necho \"SUCCESS\" > \"${SCRIPT_OUTPUT_FILE_0}\"\n";
			showEnvVarsInLog = 0;
		};
		3502689F280593C36475FC3D /* [CP] Check Pods Manifest.lock */ = {
			isa = PBXShellScriptBuildPhase;
			buildActionMask = 2147483647;
			files = (
			);
			inputPaths = (
				"${PODS_PODFILE_DIR_PATH}/Podfile.lock",
				"${PODS_ROOT}/Manifest.lock",
			);
			name = "[CP] Check Pods Manifest.lock";
			outputPaths = (
				"$(DERIVED_FILE_DIR)/Pods-ManageStoreTests-checkManifestLockResult.txt",
			);
			runOnlyForDeploymentPostprocessing = 0;
			shellPath = /bin/sh;
			shellScript = "diff \"${PODS_PODFILE_DIR_PATH}/Podfile.lock\" \"${PODS_ROOT}/Manifest.lock\" > /dev/null\nif [ $? != 0 ] ; then\n    # print error to STDERR\n    echo \"error: The sandbox is not in sync with the Podfile.lock. Run 'pod install' or update your CocoaPods installation.\" >&2\n    exit 1\nfi\n# This output is used by Xcode 'outputs' to avoid re-running this script phase.\necho \"SUCCESS\" > \"${SCRIPT_OUTPUT_FILE_0}\"\n";
			showEnvVarsInLog = 0;
		};
/* End PBXShellScriptBuildPhase section */

/* Begin PBXSourcesBuildPhase section */
		A8BEB7852158D4DE0025BC94 /* Sources */ = {
			isa = PBXSourcesBuildPhase;
			buildActionMask = 2147483647;
			files = (
				A895A8AD215A275A00BEF15F /* OrderVO.swift in Sources */,
				A8BEB78F2158D4DE0025BC94 /* ViewController.swift in Sources */,
				A81132B6215CF9AA000AA6DA /* ProductAdidasCollectionViewCell.swift in Sources */,
				A88937732163626000531B7D /* LoginViewController.swift in Sources */,
				A81132B5215CF9AA000AA6DA /* ProductTableViewCell.swift in Sources */,
				A81132AE215CF989000AA6DA /* SizeVO.swift in Sources */,
				A81132A9215CF97E000AA6DA /* AddProductViewController.swift in Sources */,
				A895A8AA215A1D7B00BEF15F /* OderItemManagementTableViewCell.swift in Sources */,
				A82A581D215B6496007F4BEE /* DetailOrderTableViewCell.swift in Sources */,
				A81132A8215CF97E000AA6DA /* ProductTableViewController.swift in Sources */,
				A895A8A7215A1D1F00BEF15F /* OderManagementViewController.swift in Sources */,
				18515C472159D7FE00157386 /* ProductService.swift in Sources */,
				A82A5820215B6CCD007F4BEE /* Formatter.swift in Sources */,
				189F8843215950BA00A11DA2 /* ShoeVO.swift in Sources */,
				18515C4B2159ECBE00157386 /* CornerViewEx.swift in Sources */,
				A81132AA215CF97E000AA6DA /* ImagePresenter.swift in Sources */,
				A82A5822215B7A29007F4BEE /* DetailVO.swift in Sources */,
				A8BEB7952158D4DE0025BC94 /* ManageStore.xcdatamodeld in Sources */,
				A895A8B0215A2B2700BEF15F /* Util.swift in Sources */,
				A8BEB78D2158D4DE0025BC94 /* AppDelegate.swift in Sources */,
				A81132B4215CF9AA000AA6DA /* UploadImageCollectionViewCell.swift in Sources */,
				A81132AD215CF989000AA6DA /* CountVO.swift in Sources */,
				A81132A4215CC1BD000AA6DA /* DetailViewController.swift in Sources */,
			);
			runOnlyForDeploymentPostprocessing = 0;
		};
		A8BEB79C2158D4DF0025BC94 /* Sources */ = {
			isa = PBXSourcesBuildPhase;
			buildActionMask = 2147483647;
			files = (
				A8BEB7A52158D4DF0025BC94 /* ManageStoreTests.swift in Sources */,
			);
			runOnlyForDeploymentPostprocessing = 0;
		};
		A8BEB7A72158D4DF0025BC94 /* Sources */ = {
			isa = PBXSourcesBuildPhase;
			buildActionMask = 2147483647;
			files = (
				A8BEB7B02158D4DF0025BC94 /* ManageStoreUITests.swift in Sources */,
			);
			runOnlyForDeploymentPostprocessing = 0;
		};
/* End PBXSourcesBuildPhase section */

/* Begin PBXTargetDependency section */
		A8BEB7A22158D4DF0025BC94 /* PBXTargetDependency */ = {
			isa = PBXTargetDependency;
			target = A8BEB7882158D4DE0025BC94 /* ManageStore */;
			targetProxy = A8BEB7A12158D4DF0025BC94 /* PBXContainerItemProxy */;
		};
		A8BEB7AD2158D4DF0025BC94 /* PBXTargetDependency */ = {
			isa = PBXTargetDependency;
			target = A8BEB7882158D4DE0025BC94 /* ManageStore */;
			targetProxy = A8BEB7AC2158D4DF0025BC94 /* PBXContainerItemProxy */;
		};
/* End PBXTargetDependency section */

/* Begin PBXVariantGroup section */
		A81132B7215CF9E8000AA6DA /* Main.storyboard */ = {
			isa = PBXVariantGroup;
			children = (
				A81132B8215CF9E8000AA6DA /* Base */,
			);
			name = Main.storyboard;
			sourceTree = "<group>";
		};
		A8BEB7982158D4DF0025BC94 /* LaunchScreen.storyboard */ = {
			isa = PBXVariantGroup;
			children = (
				A8BEB7992158D4DF0025BC94 /* Base */,
			);
			name = LaunchScreen.storyboard;
			sourceTree = "<group>";
		};
/* End PBXVariantGroup section */

/* Begin XCBuildConfiguration section */
		A8BEB7B22158D4DF0025BC94 /* Debug */ = {
			isa = XCBuildConfiguration;
			buildSettings = {
				ALWAYS_SEARCH_USER_PATHS = NO;
				CLANG_ANALYZER_NONNULL = YES;
				CLANG_ANALYZER_NUMBER_OBJECT_CONVERSION = YES_AGGRESSIVE;
				CLANG_CXX_LANGUAGE_STANDARD = "gnu++14";
				CLANG_CXX_LIBRARY = "libc++";
				CLANG_ENABLE_MODULES = YES;
				CLANG_ENABLE_OBJC_ARC = YES;
				CLANG_ENABLE_OBJC_WEAK = YES;
				CLANG_WARN_BLOCK_CAPTURE_AUTORELEASING = YES;
				CLANG_WARN_BOOL_CONVERSION = YES;
				CLANG_WARN_COMMA = YES;
				CLANG_WARN_CONSTANT_CONVERSION = YES;
				CLANG_WARN_DEPRECATED_OBJC_IMPLEMENTATIONS = YES;
				CLANG_WARN_DIRECT_OBJC_ISA_USAGE = YES_ERROR;
				CLANG_WARN_DOCUMENTATION_COMMENTS = YES;
				CLANG_WARN_EMPTY_BODY = YES;
				CLANG_WARN_ENUM_CONVERSION = YES;
				CLANG_WARN_INFINITE_RECURSION = YES;
				CLANG_WARN_INT_CONVERSION = YES;
				CLANG_WARN_NON_LITERAL_NULL_CONVERSION = YES;
				CLANG_WARN_OBJC_IMPLICIT_RETAIN_SELF = YES;
				CLANG_WARN_OBJC_LITERAL_CONVERSION = YES;
				CLANG_WARN_OBJC_ROOT_CLASS = YES_ERROR;
				CLANG_WARN_RANGE_LOOP_ANALYSIS = YES;
				CLANG_WARN_STRICT_PROTOTYPES = YES;
				CLANG_WARN_SUSPICIOUS_MOVE = YES;
				CLANG_WARN_UNGUARDED_AVAILABILITY = YES_AGGRESSIVE;
				CLANG_WARN_UNREACHABLE_CODE = YES;
				CLANG_WARN__DUPLICATE_METHOD_MATCH = YES;
				CODE_SIGN_IDENTITY = "iPhone Developer";
				COPY_PHASE_STRIP = NO;
				DEBUG_INFORMATION_FORMAT = dwarf;
				ENABLE_STRICT_OBJC_MSGSEND = YES;
				ENABLE_TESTABILITY = YES;
				GCC_C_LANGUAGE_STANDARD = gnu11;
				GCC_DYNAMIC_NO_PIC = NO;
				GCC_NO_COMMON_BLOCKS = YES;
				GCC_OPTIMIZATION_LEVEL = 0;
				GCC_PREPROCESSOR_DEFINITIONS = (
					"DEBUG=1",
					"$(inherited)",
				);
				GCC_WARN_64_TO_32_BIT_CONVERSION = YES;
				GCC_WARN_ABOUT_RETURN_TYPE = YES_ERROR;
				GCC_WARN_UNDECLARED_SELECTOR = YES;
				GCC_WARN_UNINITIALIZED_AUTOS = YES_AGGRESSIVE;
				GCC_WARN_UNUSED_FUNCTION = YES;
				GCC_WARN_UNUSED_VARIABLE = YES;
				IPHONEOS_DEPLOYMENT_TARGET = 12.0;
				MTL_ENABLE_DEBUG_INFO = INCLUDE_SOURCE;
				MTL_FAST_MATH = YES;
				ONLY_ACTIVE_ARCH = YES;
				SDKROOT = iphoneos;
				SWIFT_ACTIVE_COMPILATION_CONDITIONS = DEBUG;
				SWIFT_OPTIMIZATION_LEVEL = "-Onone";
			};
			name = Debug;
		};
		A8BEB7B32158D4DF0025BC94 /* Release */ = {
			isa = XCBuildConfiguration;
			buildSettings = {
				ALWAYS_SEARCH_USER_PATHS = NO;
				CLANG_ANALYZER_NONNULL = YES;
				CLANG_ANALYZER_NUMBER_OBJECT_CONVERSION = YES_AGGRESSIVE;
				CLANG_CXX_LANGUAGE_STANDARD = "gnu++14";
				CLANG_CXX_LIBRARY = "libc++";
				CLANG_ENABLE_MODULES = YES;
				CLANG_ENABLE_OBJC_ARC = YES;
				CLANG_ENABLE_OBJC_WEAK = YES;
				CLANG_WARN_BLOCK_CAPTURE_AUTORELEASING = YES;
				CLANG_WARN_BOOL_CONVERSION = YES;
				CLANG_WARN_COMMA = YES;
				CLANG_WARN_CONSTANT_CONVERSION = YES;
				CLANG_WARN_DEPRECATED_OBJC_IMPLEMENTATIONS = YES;
				CLANG_WARN_DIRECT_OBJC_ISA_USAGE = YES_ERROR;
				CLANG_WARN_DOCUMENTATION_COMMENTS = YES;
				CLANG_WARN_EMPTY_BODY = YES;
				CLANG_WARN_ENUM_CONVERSION = YES;
				CLANG_WARN_INFINITE_RECURSION = YES;
				CLANG_WARN_INT_CONVERSION = YES;
				CLANG_WARN_NON_LITERAL_NULL_CONVERSION = YES;
				CLANG_WARN_OBJC_IMPLICIT_RETAIN_SELF = YES;
				CLANG_WARN_OBJC_LITERAL_CONVERSION = YES;
				CLANG_WARN_OBJC_ROOT_CLASS = YES_ERROR;
				CLANG_WARN_RANGE_LOOP_ANALYSIS = YES;
				CLANG_WARN_STRICT_PROTOTYPES = YES;
				CLANG_WARN_SUSPICIOUS_MOVE = YES;
				CLANG_WARN_UNGUARDED_AVAILABILITY = YES_AGGRESSIVE;
				CLANG_WARN_UNREACHABLE_CODE = YES;
				CLANG_WARN__DUPLICATE_METHOD_MATCH = YES;
				CODE_SIGN_IDENTITY = "iPhone Developer";
				COPY_PHASE_STRIP = NO;
				DEBUG_INFORMATION_FORMAT = "dwarf-with-dsym";
				ENABLE_NS_ASSERTIONS = NO;
				ENABLE_STRICT_OBJC_MSGSEND = YES;
				GCC_C_LANGUAGE_STANDARD = gnu11;
				GCC_NO_COMMON_BLOCKS = YES;
				GCC_WARN_64_TO_32_BIT_CONVERSION = YES;
				GCC_WARN_ABOUT_RETURN_TYPE = YES_ERROR;
				GCC_WARN_UNDECLARED_SELECTOR = YES;
				GCC_WARN_UNINITIALIZED_AUTOS = YES_AGGRESSIVE;
				GCC_WARN_UNUSED_FUNCTION = YES;
				GCC_WARN_UNUSED_VARIABLE = YES;
				IPHONEOS_DEPLOYMENT_TARGET = 12.0;
				MTL_ENABLE_DEBUG_INFO = NO;
				MTL_FAST_MATH = YES;
				SDKROOT = iphoneos;
				SWIFT_COMPILATION_MODE = wholemodule;
				SWIFT_OPTIMIZATION_LEVEL = "-O";
				VALIDATE_PRODUCT = YES;
			};
			name = Release;
		};
		A8BEB7B52158D4DF0025BC94 /* Debug */ = {
			isa = XCBuildConfiguration;
			baseConfigurationReference = BB8CAF2E3F94CCB00847A01B /* Pods-ManageStore.debug.xcconfig */;
			buildSettings = {
				ASSETCATALOG_COMPILER_APPICON_NAME = AppIcon;
				CODE_SIGN_STYLE = Automatic;
				DEVELOPMENT_TEAM = 6HN3L297T6;
				INFOPLIST_FILE = ManageStore/Info.plist;
				IPHONEOS_DEPLOYMENT_TARGET = 10.3;
				LD_RUNPATH_SEARCH_PATHS = (
					"$(inherited)",
					"@executable_path/Frameworks",
				);
				PRODUCT_BUNDLE_IDENTIFIER = DucAnh.Store;
				PRODUCT_NAME = "$(TARGET_NAME)";
				SWIFT_VERSION = 4.2;
				TARGETED_DEVICE_FAMILY = "1,2";
			};
			name = Debug;
		};
		A8BEB7B62158D4DF0025BC94 /* Release */ = {
			isa = XCBuildConfiguration;
			baseConfigurationReference = A188731682F389C733E461B7 /* Pods-ManageStore.release.xcconfig */;
			buildSettings = {
				ASSETCATALOG_COMPILER_APPICON_NAME = AppIcon;
				CODE_SIGN_STYLE = Automatic;
				DEVELOPMENT_TEAM = 6HN3L297T6;
				INFOPLIST_FILE = ManageStore/Info.plist;
				IPHONEOS_DEPLOYMENT_TARGET = 10.3;
				LD_RUNPATH_SEARCH_PATHS = (
					"$(inherited)",
					"@executable_path/Frameworks",
				);
				PRODUCT_BUNDLE_IDENTIFIER = DucAnh.Store;
				PRODUCT_NAME = "$(TARGET_NAME)";
				SWIFT_VERSION = 4.2;
				TARGETED_DEVICE_FAMILY = "1,2";
			};
			name = Release;
		};
		A8BEB7B82158D4DF0025BC94 /* Debug */ = {
			isa = XCBuildConfiguration;
			baseConfigurationReference = 5D8304B3F4E20AF5445B32F0 /* Pods-ManageStoreTests.debug.xcconfig */;
			buildSettings = {
				ALWAYS_EMBED_SWIFT_STANDARD_LIBRARIES = YES;
				BUNDLE_LOADER = "$(TEST_HOST)";
				CODE_SIGN_STYLE = Automatic;
				DEVELOPMENT_TEAM = WA7JZCPK6Y;
				INFOPLIST_FILE = ManageStoreTests/Info.plist;
				LD_RUNPATH_SEARCH_PATHS = (
					"$(inherited)",
					"@executable_path/Frameworks",
					"@loader_path/Frameworks",
				);
				PRODUCT_BUNDLE_IDENTIFIER = ITSOL.ManageStoreTests;
				PRODUCT_NAME = "$(TARGET_NAME)";
				SWIFT_VERSION = 4.2;
				TARGETED_DEVICE_FAMILY = "1,2";
				TEST_HOST = "$(BUILT_PRODUCTS_DIR)/ManageStore.app/ManageStore";
			};
			name = Debug;
		};
		A8BEB7B92158D4DF0025BC94 /* Release */ = {
			isa = XCBuildConfiguration;
			baseConfigurationReference = 6817A5685174DEA21BD1714E /* Pods-ManageStoreTests.release.xcconfig */;
			buildSettings = {
				ALWAYS_EMBED_SWIFT_STANDARD_LIBRARIES = YES;
				BUNDLE_LOADER = "$(TEST_HOST)";
				CODE_SIGN_STYLE = Automatic;
				DEVELOPMENT_TEAM = WA7JZCPK6Y;
				INFOPLIST_FILE = ManageStoreTests/Info.plist;
				LD_RUNPATH_SEARCH_PATHS = (
					"$(inherited)",
					"@executable_path/Frameworks",
					"@loader_path/Frameworks",
				);
				PRODUCT_BUNDLE_IDENTIFIER = ITSOL.ManageStoreTests;
				PRODUCT_NAME = "$(TARGET_NAME)";
				SWIFT_VERSION = 4.2;
				TARGETED_DEVICE_FAMILY = "1,2";
				TEST_HOST = "$(BUILT_PRODUCTS_DIR)/ManageStore.app/ManageStore";
			};
			name = Release;
		};
		A8BEB7BB2158D4DF0025BC94 /* Debug */ = {
			isa = XCBuildConfiguration;
			baseConfigurationReference = A3366212E1C89EA5866E6DA9 /* Pods-ManageStoreUITests.debug.xcconfig */;
			buildSettings = {
				ALWAYS_EMBED_SWIFT_STANDARD_LIBRARIES = YES;
				CODE_SIGN_STYLE = Automatic;
				DEVELOPMENT_TEAM = WA7JZCPK6Y;
				INFOPLIST_FILE = ManageStoreUITests/Info.plist;
				LD_RUNPATH_SEARCH_PATHS = (
					"$(inherited)",
					"@executable_path/Frameworks",
					"@loader_path/Frameworks",
				);
				PRODUCT_BUNDLE_IDENTIFIER = ITSOL.ManageStoreUITests;
				PRODUCT_NAME = "$(TARGET_NAME)";
				SWIFT_VERSION = 4.2;
				TARGETED_DEVICE_FAMILY = "1,2";
				TEST_TARGET_NAME = ManageStore;
			};
			name = Debug;
		};
		A8BEB7BC2158D4DF0025BC94 /* Release */ = {
			isa = XCBuildConfiguration;
			baseConfigurationReference = 596F53C056062C5853DA38AB /* Pods-ManageStoreUITests.release.xcconfig */;
			buildSettings = {
				ALWAYS_EMBED_SWIFT_STANDARD_LIBRARIES = YES;
				CODE_SIGN_STYLE = Automatic;
				DEVELOPMENT_TEAM = WA7JZCPK6Y;
				INFOPLIST_FILE = ManageStoreUITests/Info.plist;
				LD_RUNPATH_SEARCH_PATHS = (
					"$(inherited)",
					"@executable_path/Frameworks",
					"@loader_path/Frameworks",
				);
				PRODUCT_BUNDLE_IDENTIFIER = ITSOL.ManageStoreUITests;
				PRODUCT_NAME = "$(TARGET_NAME)";
				SWIFT_VERSION = 4.2;
				TARGETED_DEVICE_FAMILY = "1,2";
				TEST_TARGET_NAME = ManageStore;
			};
			name = Release;
		};
/* End XCBuildConfiguration section */

/* Begin XCConfigurationList section */
		A8BEB7842158D4DE0025BC94 /* Build configuration list for PBXProject "ManageStore" */ = {
			isa = XCConfigurationList;
			buildConfigurations = (
				A8BEB7B22158D4DF0025BC94 /* Debug */,
				A8BEB7B32158D4DF0025BC94 /* Release */,
			);
			defaultConfigurationIsVisible = 0;
			defaultConfigurationName = Release;
		};
		A8BEB7B42158D4DF0025BC94 /* Build configuration list for PBXNativeTarget "ManageStore" */ = {
			isa = XCConfigurationList;
			buildConfigurations = (
				A8BEB7B52158D4DF0025BC94 /* Debug */,
				A8BEB7B62158D4DF0025BC94 /* Release */,
			);
			defaultConfigurationIsVisible = 0;
			defaultConfigurationName = Release;
		};
		A8BEB7B72158D4DF0025BC94 /* Build configuration list for PBXNativeTarget "ManageStoreTests" */ = {
			isa = XCConfigurationList;
			buildConfigurations = (
				A8BEB7B82158D4DF0025BC94 /* Debug */,
				A8BEB7B92158D4DF0025BC94 /* Release */,
			);
			defaultConfigurationIsVisible = 0;
			defaultConfigurationName = Release;
		};
		A8BEB7BA2158D4DF0025BC94 /* Build configuration list for PBXNativeTarget "ManageStoreUITests" */ = {
			isa = XCConfigurationList;
			buildConfigurations = (
				A8BEB7BB2158D4DF0025BC94 /* Debug */,
				A8BEB7BC2158D4DF0025BC94 /* Release */,
			);
			defaultConfigurationIsVisible = 0;
			defaultConfigurationName = Release;
		};
/* End XCConfigurationList section */

/* Begin XCVersionGroup section */
		A8BEB7932158D4DE0025BC94 /* ManageStore.xcdatamodeld */ = {
			isa = XCVersionGroup;
			children = (
				A8BEB7942158D4DE0025BC94 /* ManageStore.xcdatamodel */,
			);
			currentVersion = A8BEB7942158D4DE0025BC94 /* ManageStore.xcdatamodel */;
			path = ManageStore.xcdatamodeld;
			sourceTree = "<group>";
			versionGroupType = wrapper.xcdatamodel;
		};
/* End XCVersionGroup section */
	};
	rootObject = A8BEB7812158D4DE0025BC94 /* Project object */;
}
